
Microsoft Visual Studio Solution File, Format Version 12.00
# Visual Studio Version 17
VisualStudioVersion = 17.13.35931.197 d17.13
MinimumVisualStudioVersion = 10.0.40219.1
Project("{FAE04EC0-301F-11D3-BF4B-00C04F79EFBC}") = "Dtk.Example.ALPR", "Dtk.Example.ALPR\Dtk.Example.ALPR.csproj", "{20F8A553-0964-450C-A749-A1D98F56894D}"
EndProject
Global
	GlobalSection(SolutionConfigurationPlatforms) = preSolution
		Debug|Any CPU = Debug|Any CPU
		Release|Any CPU = Release|Any CPU
	EndGlobalSection
	GlobalSection(ProjectConfigurationPlatforms) = postSolution
		{20F8A553-0964-450C-A749-A1D98F56894D}.Debug|Any CPU.ActiveCfg = Debug|Any CPU
		{20F8A553-0964-450C-A749-A1D98F56894D}.Debug|Any CPU.Build.0 = Debug|Any CPU
		{20F8A553-0964-450C-A749-A1D98F56894D}.Release|Any CPU.ActiveCfg = Release|Any CPU
		{20F8A553-0964-450C-A749-A1D98F56894D}.Release|Any CPU.Build.0 = Release|Any CPU
	EndGlobalSection
	GlobalSection(SolutionProperties) = preSolution
		HideSolutionNode = FALSE
	EndGlobalSection
	GlobalSection(ExtensibilityGlobals) = postSolution
		SolutionGuid = {AE101B5E-C042-4D84-BE6F-6066B92177C4}
	EndGlobalSection
EndGlobal
